// !$*UTF8*$!
{
	archiveVersion = 1;
	classes = {
	};
	objectVersion = 50;
	objects = {

/* Begin PBXBuildFile section */
		2B0A5BC5219C93D900905411 /* AnimatedSwitch.swift in Sources */ = {isa = PBXBuildFile; fileRef = 2B0A5BC4219C93D800905411 /* AnimatedSwitch.swift */; };
		2B0A5BC8219C95FF00905411 /* login screen logo.png in Resources */ = {isa = PBXBuildFile; fileRef = 2B0A5BC7219C95FF00905411 /* login screen logo.png */; };
		2B5790492199BDB300C6D4BF /* HomeViewController.swift in Sources */ = {isa = PBXBuildFile; fileRef = 2B5790482199BDB300C6D4BF /* HomeViewController.swift */; };
		2B57904B2199F34300C6D4BF /* ReportTableViewController.swift in Sources */ = {isa = PBXBuildFile; fileRef = 2B57904A2199F34300C6D4BF /* ReportTableViewController.swift */; };
		2B57904F2199FB4100C6D4BF /* TickeTableViewCell.swift in Sources */ = {isa = PBXBuildFile; fileRef = 2B57904D2199FB4100C6D4BF /* TickeTableViewCell.swift */; };
		2B5790502199FB4100C6D4BF /* TickeTableViewCell.xib in Resources */ = {isa = PBXBuildFile; fileRef = 2B57904E2199FB4100C6D4BF /* TickeTableViewCell.xib */; };
		2B579058219A05C400C6D4BF /* Visa Debit.png in Resources */ = {isa = PBXBuildFile; fileRef = 2B579053219A05C300C6D4BF /* Visa Debit.png */; };
		2B579059219A05C400C6D4BF /* PayPal.png in Resources */ = {isa = PBXBuildFile; fileRef = 2B579054219A05C300C6D4BF /* PayPal.png */; };
		2B57905A219A05C400C6D4BF /* Visa Credit.png in Resources */ = {isa = PBXBuildFile; fileRef = 2B579055219A05C300C6D4BF /* Visa Credit.png */; };
		2B57905B219A05C400C6D4BF /* WeChat Pay.png in Resources */ = {isa = PBXBuildFile; fileRef = 2B579056219A05C300C6D4BF /* WeChat Pay.png */; };
		2B57905C219A05C400C6D4BF /* Ali Pay.png in Resources */ = {isa = PBXBuildFile; fileRef = 2B579057219A05C400C6D4BF /* Ali Pay.png */; };
		2B57905E219A20B600C6D4BF /* Mastercard.png in Resources */ = {isa = PBXBuildFile; fileRef = 2B57905D219A20B600C6D4BF /* Mastercard.png */; };
		2B57909E219A554C00C6D4BF /* instruction.html in Resources */ = {isa = PBXBuildFile; fileRef = 2B57909D219A554C00C6D4BF /* instruction.html */; };
		2B5790A0219A556E00C6D4BF /* InstructionViewController.swift in Sources */ = {isa = PBXBuildFile; fileRef = 2B57909F219A556E00C6D4BF /* InstructionViewController.swift */; };
		2B5790A2219A5E4300C6D4BF /* AddCarViewController.swift in Sources */ = {isa = PBXBuildFile; fileRef = 2B5790A1219A5E4300C6D4BF /* AddCarViewController.swift */; };
		2B5790C2219BE99500C6D4BF /* CarsListTableViewController.swift in Sources */ = {isa = PBXBuildFile; fileRef = 2B5790C1219BE99500C6D4BF /* CarsListTableViewController.swift */; };
		2B8401642198A8E400542305 /* LocationViewController.swift in Sources */ = {isa = PBXBuildFile; fileRef = 2B8401632198A8E400542305 /* LocationViewController.swift */; };
		2B8401662198C68F00542305 /* AddTicketViewController.swift in Sources */ = {isa = PBXBuildFile; fileRef = 2B8401652198C68F00542305 /* AddTicketViewController.swift */; };
		2B8401682198CB5000542305 /* ParkingTicket.swift in Sources */ = {isa = PBXBuildFile; fileRef = 2B8401672198CB5000542305 /* ParkingTicket.swift */; };
		2BA6D66E219111CD00B9B4C2 /* SplashViewController.swift in Sources */ = {isa = PBXBuildFile; fileRef = 2BA6D66D219111CD00B9B4C2 /* SplashViewController.swift */; };
		2BA6D6712191137800B9B4C2 /* splash_logo.png in Resources */ = {isa = PBXBuildFile; fileRef = 2BA6D6702191137800B9B4C2 /* splash_logo.png */; };
		2BA6D6732191168D00B9B4C2 /* MainMenuTableViewController.swift in Sources */ = {isa = PBXBuildFile; fileRef = 2BA6D6722191168D00B9B4C2 /* MainMenuTableViewController.swift */; };
		2BA6D6782191460F00B9B4C2 /* User.swift in Sources */ = {isa = PBXBuildFile; fileRef = 2BA6D6772191460F00B9B4C2 /* User.swift */; };
		2BA6D67C2191483100B9B4C2 /* Car.swift in Sources */ = {isa = PBXBuildFile; fileRef = 2BA6D67B2191483100B9B4C2 /* Car.swift */; };
		2BA6D67E219148CF00B9B4C2 /* Manufacturer.swift in Sources */ = {isa = PBXBuildFile; fileRef = 2BA6D67D219148CF00B9B4C2 /* Manufacturer.swift */; };
		2BA6D685219157CC00B9B4C2 /* SignUpViewController.swift in Sources */ = {isa = PBXBuildFile; fileRef = 2BA6D684219157CC00B9B4C2 /* SignUpViewController.swift */; };
		2BD802EA21938018003445ED /* Renault.png in Resources */ = {isa = PBXBuildFile; fileRef = 2BD802E721938017003445ED /* Renault.png */; };
		2BD802EB21938018003445ED /* Mazda.png in Resources */ = {isa = PBXBuildFile; fileRef = 2BD802E821938018003445ED /* Mazda.png */; };
		2BD802EC21938018003445ED /* BMW.png in Resources */ = {isa = PBXBuildFile; fileRef = 2BD802E921938018003445ED /* BMW.png */; };
		2BD803102194B8C3003445ED /* GoogleService-Info.plist in Resources */ = {isa = PBXBuildFile; fileRef = 2BD8030F2194B8C3003445ED /* GoogleService-Info.plist */; };
		2BD803122194FE4F003445ED /* UpdateProfileViewController.swift in Sources */ = {isa = PBXBuildFile; fileRef = 2BD803112194FE4F003445ED /* UpdateProfileViewController.swift */; };
		2BEC431B219CFA06000D2BC9 /* CarTableViewCell.swift in Sources */ = {isa = PBXBuildFile; fileRef = 2BEC4319219CFA06000D2BC9 /* CarTableViewCell.swift */; };
		2BEC431C219CFA06000D2BC9 /* CarTableViewCell.xib in Resources */ = {isa = PBXBuildFile; fileRef = 2BEC431A219CFA06000D2BC9 /* CarTableViewCell.xib */; };
		2D6D794C3993BF148AC917AC /* Pods_Parking_Space_Booking_System.framework in Frameworks */ = {isa = PBXBuildFile; fileRef = E3F702327B223B170FD6184F /* Pods_Parking_Space_Booking_System.framework */; };
		3A0D756A218BCD7400960BC8 /* AppDelegate.swift in Sources */ = {isa = PBXBuildFile; fileRef = 3A0D7569218BCD7400960BC8 /* AppDelegate.swift */; };
		3A0D756C218BCD7400960BC8 /* LoginViewController.swift in Sources */ = {isa = PBXBuildFile; fileRef = 3A0D756B218BCD7400960BC8 /* LoginViewController.swift */; };
		3A0D756F218BCD7400960BC8 /* Main.storyboard in Resources */ = {isa = PBXBuildFile; fileRef = 3A0D756D218BCD7400960BC8 /* Main.storyboard */; };
		3A0D7571218BCD7600960BC8 /* Assets.xcassets in Resources */ = {isa = PBXBuildFile; fileRef = 3A0D7570218BCD7600960BC8 /* Assets.xcassets */; };
		3A0D7574218BCD7600960BC8 /* LaunchScreen.storyboard in Resources */ = {isa = PBXBuildFile; fileRef = 3A0D7572218BCD7600960BC8 /* LaunchScreen.storyboard */; };
		3A0D757F218BCD7600960BC8 /* Parking_Space_Booking_SystemTests.swift in Sources */ = {isa = PBXBuildFile; fileRef = 3A0D757E218BCD7600960BC8 /* Parking_Space_Booking_SystemTests.swift */; };
		3A0D758A218BCD7600960BC8 /* Parking_Space_Booking_SystemUITests.swift in Sources */ = {isa = PBXBuildFile; fileRef = 3A0D7589218BCD7600960BC8 /* Parking_Space_Booking_SystemUITests.swift */; };
/* End PBXBuildFile section */

/* Begin PBXContainerItemProxy section */
		3A0D757B218BCD7600960BC8 /* PBXContainerItemProxy */ = {
			isa = PBXContainerItemProxy;
			containerPortal = 3A0D755E218BCD7400960BC8 /* Project object */;
			proxyType = 1;
			remoteGlobalIDString = 3A0D7565218BCD7400960BC8;
			remoteInfo = "Parking Space Booking System";
		};
		3A0D7586218BCD7600960BC8 /* PBXContainerItemProxy */ = {
			isa = PBXContainerItemProxy;
			containerPortal = 3A0D755E218BCD7400960BC8 /* Project object */;
			proxyType = 1;
			remoteGlobalIDString = 3A0D7565218BCD7400960BC8;
			remoteInfo = "Parking Space Booking System";
		};
/* End PBXContainerItemProxy section */

/* Begin PBXFileReference section */
		299962C2E404749E0A4451A7 /* Pods-Parking Space Booking System.release.xcconfig */ = {isa = PBXFileReference; includeInIndex = 1; lastKnownFileType = text.xcconfig; name = "Pods-Parking Space Booking System.release.xcconfig"; path = "Pods/Target Support Files/Pods-Parking Space Booking System/Pods-Parking Space Booking System.release.xcconfig"; sourceTree = "<group>"; };
		2B0A5BC4219C93D800905411 /* AnimatedSwitch.swift */ = {isa = PBXFileReference; fileEncoding = 4; lastKnownFileType = sourcecode.swift; path = AnimatedSwitch.swift; sourceTree = "<group>"; };
		2B0A5BC7219C95FF00905411 /* login screen logo.png */ = {isa = PBXFileReference; lastKnownFileType = image.png; path = "login screen logo.png"; sourceTree = "<group>"; };
		2B5790482199BDB300C6D4BF /* HomeViewController.swift */ = {isa = PBXFileReference; lastKnownFileType = sourcecode.swift; path = HomeViewController.swift; sourceTree = "<group>"; };
		2B57904A2199F34300C6D4BF /* ReportTableViewController.swift */ = {isa = PBXFileReference; lastKnownFileType = sourcecode.swift; path = ReportTableViewController.swift; sourceTree = "<group>"; };
		2B57904D2199FB4100C6D4BF /* TickeTableViewCell.swift */ = {isa = PBXFileReference; lastKnownFileType = sourcecode.swift; path = TickeTableViewCell.swift; sourceTree = "<group>"; };
		2B57904E2199FB4100C6D4BF /* TickeTableViewCell.xib */ = {isa = PBXFileReference; lastKnownFileType = file.xib; path = TickeTableViewCell.xib; sourceTree = "<group>"; };
		2B579053219A05C300C6D4BF /* Visa Debit.png */ = {isa = PBXFileReference; lastKnownFileType = image.png; path = "Visa Debit.png"; sourceTree = "<group>"; };
		2B579054219A05C300C6D4BF /* PayPal.png */ = {isa = PBXFileReference; lastKnownFileType = image.png; path = PayPal.png; sourceTree = "<group>"; };
		2B579055219A05C300C6D4BF /* Visa Credit.png */ = {isa = PBXFileReference; lastKnownFileType = image.png; path = "Visa Credit.png"; sourceTree = "<group>"; };
		2B579056219A05C300C6D4BF /* WeChat Pay.png */ = {isa = PBXFileReference; lastKnownFileType = image.png; path = "WeChat Pay.png"; sourceTree = "<group>"; };
		2B579057219A05C400C6D4BF /* Ali Pay.png */ = {isa = PBXFileReference; lastKnownFileType = image.png; path = "Ali Pay.png"; sourceTree = "<group>"; };
		2B57905D219A20B600C6D4BF /* Mastercard.png */ = {isa = PBXFileReference; lastKnownFileType = image.png; path = Mastercard.png; sourceTree = "<group>"; };
		2B57909D219A554C00C6D4BF /* instruction.html */ = {isa = PBXFileReference; lastKnownFileType = text.html; path = instruction.html; sourceTree = "<group>"; };
		2B57909F219A556E00C6D4BF /* InstructionViewController.swift */ = {isa = PBXFileReference; lastKnownFileType = sourcecode.swift; path = InstructionViewController.swift; sourceTree = "<group>"; };
		2B5790A1219A5E4300C6D4BF /* AddCarViewController.swift */ = {isa = PBXFileReference; lastKnownFileType = sourcecode.swift; path = AddCarViewController.swift; sourceTree = "<group>"; };
		2B5790C1219BE99500C6D4BF /* CarsListTableViewController.swift */ = {isa = PBXFileReference; lastKnownFileType = sourcecode.swift; path = CarsListTableViewController.swift; sourceTree = "<group>"; };
		2B8401632198A8E400542305 /* LocationViewController.swift */ = {isa = PBXFileReference; lastKnownFileType = sourcecode.swift; path = LocationViewController.swift; sourceTree = "<group>"; };
		2B8401652198C68F00542305 /* AddTicketViewController.swift */ = {isa = PBXFileReference; lastKnownFileType = sourcecode.swift; path = AddTicketViewController.swift; sourceTree = "<group>"; };
		2B8401672198CB5000542305 /* ParkingTicket.swift */ = {isa = PBXFileReference; lastKnownFileType = sourcecode.swift; path = ParkingTicket.swift; sourceTree = "<group>"; };
		2BA6D66D219111CD00B9B4C2 /* SplashViewController.swift */ = {isa = PBXFileReference; lastKnownFileType = sourcecode.swift; path = SplashViewController.swift; sourceTree = "<group>"; };
		2BA6D6702191137800B9B4C2 /* splash_logo.png */ = {isa = PBXFileReference; lastKnownFileType = image.png; path = splash_logo.png; sourceTree = "<group>"; };
		2BA6D6722191168D00B9B4C2 /* MainMenuTableViewController.swift */ = {isa = PBXFileReference; lastKnownFileType = sourcecode.swift; path = MainMenuTableViewController.swift; sourceTree = "<group>"; };
		2BA6D6772191460F00B9B4C2 /* User.swift */ = {isa = PBXFileReference; lastKnownFileType = sourcecode.swift; path = User.swift; sourceTree = "<group>"; };
		2BA6D67B2191483100B9B4C2 /* Car.swift */ = {isa = PBXFileReference; lastKnownFileType = sourcecode.swift; path = Car.swift; sourceTree = "<group>"; };
		2BA6D67D219148CF00B9B4C2 /* Manufacturer.swift */ = {isa = PBXFileReference; lastKnownFileType = sourcecode.swift; path = Manufacturer.swift; sourceTree = "<group>"; };
		2BA6D684219157CC00B9B4C2 /* SignUpViewController.swift */ = {isa = PBXFileReference; lastKnownFileType = sourcecode.swift; path = SignUpViewController.swift; sourceTree = "<group>"; };
		2BD802E721938017003445ED /* Renault.png */ = {isa = PBXFileReference; lastKnownFileType = image.png; path = Renault.png; sourceTree = "<group>"; };
		2BD802E821938018003445ED /* Mazda.png */ = {isa = PBXFileReference; lastKnownFileType = image.png; path = Mazda.png; sourceTree = "<group>"; };
		2BD802E921938018003445ED /* BMW.png */ = {isa = PBXFileReference; lastKnownFileType = image.png; path = BMW.png; sourceTree = "<group>"; };
		2BD8030F2194B8C3003445ED /* GoogleService-Info.plist */ = {isa = PBXFileReference; fileEncoding = 4; lastKnownFileType = text.plist.xml; path = "GoogleService-Info.plist"; sourceTree = "<group>"; };
		2BD803112194FE4F003445ED /* UpdateProfileViewController.swift */ = {isa = PBXFileReference; lastKnownFileType = sourcecode.swift; path = UpdateProfileViewController.swift; sourceTree = "<group>"; };
		2BEC4319219CFA06000D2BC9 /* CarTableViewCell.swift */ = {isa = PBXFileReference; lastKnownFileType = sourcecode.swift; path = CarTableViewCell.swift; sourceTree = "<group>"; };
		2BEC431A219CFA06000D2BC9 /* CarTableViewCell.xib */ = {isa = PBXFileReference; lastKnownFileType = file.xib; path = CarTableViewCell.xib; sourceTree = "<group>"; };
		3A0D7566218BCD7400960BC8 /* Parking Space Booking System.app */ = {isa = PBXFileReference; explicitFileType = wrapper.application; includeInIndex = 0; path = "Parking Space Booking System.app"; sourceTree = BUILT_PRODUCTS_DIR; };
		3A0D7569218BCD7400960BC8 /* AppDelegate.swift */ = {isa = PBXFileReference; lastKnownFileType = sourcecode.swift; path = AppDelegate.swift; sourceTree = "<group>"; };
		3A0D756B218BCD7400960BC8 /* LoginViewController.swift */ = {isa = PBXFileReference; lastKnownFileType = sourcecode.swift; path = LoginViewController.swift; sourceTree = "<group>"; };
		3A0D756E218BCD7400960BC8 /* Base */ = {isa = PBXFileReference; lastKnownFileType = file.storyboard; name = Base; path = Base.lproj/Main.storyboard; sourceTree = "<group>"; };
		3A0D7570218BCD7600960BC8 /* Assets.xcassets */ = {isa = PBXFileReference; lastKnownFileType = folder.assetcatalog; path = Assets.xcassets; sourceTree = "<group>"; };
		3A0D7573218BCD7600960BC8 /* Base */ = {isa = PBXFileReference; lastKnownFileType = file.storyboard; name = Base; path = Base.lproj/LaunchScreen.storyboard; sourceTree = "<group>"; };
		3A0D7575218BCD7600960BC8 /* Info.plist */ = {isa = PBXFileReference; lastKnownFileType = text.plist.xml; path = Info.plist; sourceTree = "<group>"; };
		3A0D757A218BCD7600960BC8 /* Parking Space Booking SystemTests.xctest */ = {isa = PBXFileReference; explicitFileType = wrapper.cfbundle; includeInIndex = 0; path = "Parking Space Booking SystemTests.xctest"; sourceTree = BUILT_PRODUCTS_DIR; };
		3A0D757E218BCD7600960BC8 /* Parking_Space_Booking_SystemTests.swift */ = {isa = PBXFileReference; lastKnownFileType = sourcecode.swift; path = Parking_Space_Booking_SystemTests.swift; sourceTree = "<group>"; };
		3A0D7580218BCD7600960BC8 /* Info.plist */ = {isa = PBXFileReference; lastKnownFileType = text.plist.xml; path = Info.plist; sourceTree = "<group>"; };
		3A0D7585218BCD7600960BC8 /* Parking Space Booking SystemUITests.xctest */ = {isa = PBXFileReference; explicitFileType = wrapper.cfbundle; includeInIndex = 0; path = "Parking Space Booking SystemUITests.xctest"; sourceTree = BUILT_PRODUCTS_DIR; };
		3A0D7589218BCD7600960BC8 /* Parking_Space_Booking_SystemUITests.swift */ = {isa = PBXFileReference; lastKnownFileType = sourcecode.swift; path = Parking_Space_Booking_SystemUITests.swift; sourceTree = "<group>"; };
		3A0D758B218BCD7600960BC8 /* Info.plist */ = {isa = PBXFileReference; lastKnownFileType = text.plist.xml; path = Info.plist; sourceTree = "<group>"; };
		B7BACB72882E9097EDA80C43 /* Pods-Parking Space Booking System.debug.xcconfig */ = {isa = PBXFileReference; includeInIndex = 1; lastKnownFileType = text.xcconfig; name = "Pods-Parking Space Booking System.debug.xcconfig"; path = "Pods/Target Support Files/Pods-Parking Space Booking System/Pods-Parking Space Booking System.debug.xcconfig"; sourceTree = "<group>"; };
		E3F702327B223B170FD6184F /* Pods_Parking_Space_Booking_System.framework */ = {isa = PBXFileReference; explicitFileType = wrapper.framework; includeInIndex = 0; path = Pods_Parking_Space_Booking_System.framework; sourceTree = BUILT_PRODUCTS_DIR; };
/* End PBXFileReference section */

/* Begin PBXFrameworksBuildPhase section */
		3A0D7563218BCD7400960BC8 /* Frameworks */ = {
			isa = PBXFrameworksBuildPhase;
			buildActionMask = 2147483647;
			files = (
				2D6D794C3993BF148AC917AC /* Pods_Parking_Space_Booking_System.framework in Frameworks */,
			);
			runOnlyForDeploymentPostprocessing = 0;
		};
		3A0D7577218BCD7600960BC8 /* Frameworks */ = {
			isa = PBXFrameworksBuildPhase;
			buildActionMask = 2147483647;
			files = (
			);
			runOnlyForDeploymentPostprocessing = 0;
		};
		3A0D7582218BCD7600960BC8 /* Frameworks */ = {
			isa = PBXFrameworksBuildPhase;
			buildActionMask = 2147483647;
			files = (
			);
			runOnlyForDeploymentPostprocessing = 0;
		};
/* End PBXFrameworksBuildPhase section */

/* Begin PBXGroup section */
		19B6193F9355E5E97379EDCB /* Pods */ = {
			isa = PBXGroup;
			children = (
				B7BACB72882E9097EDA80C43 /* Pods-Parking Space Booking System.debug.xcconfig */,
				299962C2E404749E0A4451A7 /* Pods-Parking Space Booking System.release.xcconfig */,
			);
			name = Pods;
			sourceTree = "<group>";
		};
		2B0A5BC6219C95E300905411 /* logos */ = {
			isa = PBXGroup;
			children = (
				2B0A5BC7219C95FF00905411 /* login screen logo.png */,
				2BA6D6702191137800B9B4C2 /* splash_logo.png */,
			);
			path = logos;
			sourceTree = "<group>";
		};
		2B57904C2199FB0000C6D4BF /* Report */ = {
			isa = PBXGroup;
			children = (
				2B57904A2199F34300C6D4BF /* ReportTableViewController.swift */,
				2B57904D2199FB4100C6D4BF /* TickeTableViewCell.swift */,
			);
			path = Report;
			sourceTree = "<group>";
		};
		2B579051219A03A800C6D4BF /* cars */ = {
			isa = PBXGroup;
			children = (
				2BD802E921938018003445ED /* BMW.png */,
				2BD802E821938018003445ED /* Mazda.png */,
				2BD802E721938017003445ED /* Renault.png */,
			);
			path = cars;
			sourceTree = "<group>";
		};
		2B579052219A03B600C6D4BF /* payment */ = {
			isa = PBXGroup;
			children = (
				2B57905D219A20B600C6D4BF /* Mastercard.png */,
				2B579057219A05C400C6D4BF /* Ali Pay.png */,
				2B579054219A05C300C6D4BF /* PayPal.png */,
				2B579055219A05C300C6D4BF /* Visa Credit.png */,
				2B579053219A05C300C6D4BF /* Visa Debit.png */,
				2B579056219A05C300C6D4BF /* WeChat Pay.png */,
			);
			path = payment;
			sourceTree = "<group>";
		};
		2BA6D66F2191136B00B9B4C2 /* images */ = {
			isa = PBXGroup;
			children = (
				2B0A5BC6219C95E300905411 /* logos */,
				2B579052219A03B600C6D4BF /* payment */,
				2B579051219A03A800C6D4BF /* cars */,
			);
			path = images;
			sourceTree = "<group>";
		};
		2BA6D674219144F600B9B4C2 /* Views */ = {
			isa = PBXGroup;
			children = (
				2BEC431A219CFA06000D2BC9 /* CarTableViewCell.xib */,
				2B57904E2199FB4100C6D4BF /* TickeTableViewCell.xib */,
				3A0D7572218BCD7600960BC8 /* LaunchScreen.storyboard */,
				3A0D756D218BCD7400960BC8 /* Main.storyboard */,
			);
			path = Views;
			sourceTree = "<group>";
		};
		2BA6D6752191451100B9B4C2 /* Controllers */ = {
			isa = PBXGroup;
			children = (
				2B57904C2199FB0000C6D4BF /* Report */,
				3A0D756B218BCD7400960BC8 /* LoginViewController.swift */,
				2BA6D66D219111CD00B9B4C2 /* SplashViewController.swift */,
				2BA6D6722191168D00B9B4C2 /* MainMenuTableViewController.swift */,
				2BA6D684219157CC00B9B4C2 /* SignUpViewController.swift */,
				2BD803112194FE4F003445ED /* UpdateProfileViewController.swift */,
				2B8401632198A8E400542305 /* LocationViewController.swift */,
				2B8401652198C68F00542305 /* AddTicketViewController.swift */,
				2B5790482199BDB300C6D4BF /* HomeViewController.swift */,
				2B57909F219A556E00C6D4BF /* InstructionViewController.swift */,
				2B5790A1219A5E4300C6D4BF /* AddCarViewController.swift */,
				2B5790C1219BE99500C6D4BF /* CarsListTableViewController.swift */,
				2BEC4319219CFA06000D2BC9 /* CarTableViewCell.swift */,
			);
			path = Controllers;
			sourceTree = "<group>";
		};
		2BA6D6762191453700B9B4C2 /* Models */ = {
			isa = PBXGroup;
			children = (
				2BA6D6772191460F00B9B4C2 /* User.swift */,
				2BA6D67B2191483100B9B4C2 /* Car.swift */,
				2BA6D67D219148CF00B9B4C2 /* Manufacturer.swift */,
				2B8401672198CB5000542305 /* ParkingTicket.swift */,
			);
			path = Models;
			sourceTree = "<group>";
		};
		3A0D755D218BCD7400960BC8 = {
			isa = PBXGroup;
			children = (
				3A0D7568218BCD7400960BC8 /* Parking Space Booking System */,
				3A0D757D218BCD7600960BC8 /* Parking Space Booking SystemTests */,
				3A0D7588218BCD7600960BC8 /* Parking Space Booking SystemUITests */,
				3A0D7567218BCD7400960BC8 /* Products */,
				19B6193F9355E5E97379EDCB /* Pods */,
				72FFACB980900DDAFED44941 /* Frameworks */,
			);
			sourceTree = "<group>";
		};
		3A0D7567218BCD7400960BC8 /* Products */ = {
			isa = PBXGroup;
			children = (
				3A0D7566218BCD7400960BC8 /* Parking Space Booking System.app */,
				3A0D757A218BCD7600960BC8 /* Parking Space Booking SystemTests.xctest */,
				3A0D7585218BCD7600960BC8 /* Parking Space Booking SystemUITests.xctest */,
			);
			name = Products;
			sourceTree = "<group>";
		};
		3A0D7568218BCD7400960BC8 /* Parking Space Booking System */ = {
			isa = PBXGroup;
			children = (
				2BA6D6762191453700B9B4C2 /* Models */,
				2BA6D6752191451100B9B4C2 /* Controllers */,
				2BA6D674219144F600B9B4C2 /* Views */,
				2BA6D66F2191136B00B9B4C2 /* images */,
				3A0D7569218BCD7400960BC8 /* AppDelegate.swift */,
				2B0A5BC4219C93D800905411 /* AnimatedSwitch.swift */,
				3A0D7570218BCD7600960BC8 /* Assets.xcassets */,
				3A0D7575218BCD7600960BC8 /* Info.plist */,
				2BD8030F2194B8C3003445ED /* GoogleService-Info.plist */,
				2B57909D219A554C00C6D4BF /* instruction.html */,
			);
			path = "Parking Space Booking System";
			sourceTree = "<group>";
		};
		3A0D757D218BCD7600960BC8 /* Parking Space Booking SystemTests */ = {
			isa = PBXGroup;
			children = (
				3A0D757E218BCD7600960BC8 /* Parking_Space_Booking_SystemTests.swift */,
				3A0D7580218BCD7600960BC8 /* Info.plist */,
			);
			path = "Parking Space Booking SystemTests";
			sourceTree = "<group>";
		};
		3A0D7588218BCD7600960BC8 /* Parking Space Booking SystemUITests */ = {
			isa = PBXGroup;
			children = (
				3A0D7589218BCD7600960BC8 /* Parking_Space_Booking_SystemUITests.swift */,
				3A0D758B218BCD7600960BC8 /* Info.plist */,
			);
			path = "Parking Space Booking SystemUITests";
			sourceTree = "<group>";
		};
		72FFACB980900DDAFED44941 /* Frameworks */ = {
			isa = PBXGroup;
			children = (
				E3F702327B223B170FD6184F /* Pods_Parking_Space_Booking_System.framework */,
			);
			name = Frameworks;
			sourceTree = "<group>";
		};
/* End PBXGroup section */

/* Begin PBXNativeTarget section */
		3A0D7565218BCD7400960BC8 /* Parking Space Booking System */ = {
			isa = PBXNativeTarget;
			buildConfigurationList = 3A0D758E218BCD7600960BC8 /* Build configuration list for PBXNativeTarget "Parking Space Booking System" */;
			buildPhases = (
				E477CDAE4F072CA52D9945E7 /* [CP] Check Pods Manifest.lock */,
				3A0D7562218BCD7400960BC8 /* Sources */,
				3A0D7563218BCD7400960BC8 /* Frameworks */,
				3A0D7564218BCD7400960BC8 /* Resources */,
				CBC7292DE6A61E1B0F80ECD4 /* [CP] Embed Pods Frameworks */,
			);
			buildRules = (
			);
			dependencies = (
			);
			name = "Parking Space Booking System";
			productName = "Parking Space Booking System";
			productReference = 3A0D7566218BCD7400960BC8 /* Parking Space Booking System.app */;
			productType = "com.apple.product-type.application";
		};
		3A0D7579218BCD7600960BC8 /* Parking Space Booking SystemTests */ = {
			isa = PBXNativeTarget;
			buildConfigurationList = 3A0D7591218BCD7600960BC8 /* Build configuration list for PBXNativeTarget "Parking Space Booking SystemTests" */;
			buildPhases = (
				3A0D7576218BCD7600960BC8 /* Sources */,
				3A0D7577218BCD7600960BC8 /* Frameworks */,
				3A0D7578218BCD7600960BC8 /* Resources */,
			);
			buildRules = (
			);
			dependencies = (
				3A0D757C218BCD7600960BC8 /* PBXTargetDependency */,
			);
			name = "Parking Space Booking SystemTests";
			productName = "Parking Space Booking SystemTests";
			productReference = 3A0D757A218BCD7600960BC8 /* Parking Space Booking SystemTests.xctest */;
			productType = "com.apple.product-type.bundle.unit-test";
		};
		3A0D7584218BCD7600960BC8 /* Parking Space Booking SystemUITests */ = {
			isa = PBXNativeTarget;
			buildConfigurationList = 3A0D7594218BCD7600960BC8 /* Build configuration list for PBXNativeTarget "Parking Space Booking SystemUITests" */;
			buildPhases = (
				3A0D7581218BCD7600960BC8 /* Sources */,
				3A0D7582218BCD7600960BC8 /* Frameworks */,
				3A0D7583218BCD7600960BC8 /* Resources */,
			);
			buildRules = (
			);
			dependencies = (
				3A0D7587218BCD7600960BC8 /* PBXTargetDependency */,
			);
			name = "Parking Space Booking SystemUITests";
			productName = "Parking Space Booking SystemUITests";
			productReference = 3A0D7585218BCD7600960BC8 /* Parking Space Booking SystemUITests.xctest */;
			productType = "com.apple.product-type.bundle.ui-testing";
		};
/* End PBXNativeTarget section */

/* Begin PBXProject section */
		3A0D755E218BCD7400960BC8 /* Project object */ = {
			isa = PBXProject;
			attributes = {
				LastSwiftUpdateCheck = 1010;
				LastUpgradeCheck = 1010;
				ORGANIZATIONNAME = Lambton;
				TargetAttributes = {
					3A0D7565218BCD7400960BC8 = {
						CreatedOnToolsVersion = 10.1;
					};
					3A0D7579218BCD7600960BC8 = {
						CreatedOnToolsVersion = 10.1;
						TestTargetID = 3A0D7565218BCD7400960BC8;
					};
					3A0D7584218BCD7600960BC8 = {
						CreatedOnToolsVersion = 10.1;
						TestTargetID = 3A0D7565218BCD7400960BC8;
					};
				};
			};
			buildConfigurationList = 3A0D7561218BCD7400960BC8 /* Build configuration list for PBXProject "Parking Space Booking System" */;
			compatibilityVersion = "Xcode 9.3";
			developmentRegion = en;
			hasScannedForEncodings = 0;
			knownRegions = (
				en,
				Base,
			);
			mainGroup = 3A0D755D218BCD7400960BC8;
			productRefGroup = 3A0D7567218BCD7400960BC8 /* Products */;
			projectDirPath = "";
			projectRoot = "";
			targets = (
				3A0D7565218BCD7400960BC8 /* Parking Space Booking System */,
				3A0D7579218BCD7600960BC8 /* Parking Space Booking SystemTests */,
				3A0D7584218BCD7600960BC8 /* Parking Space Booking SystemUITests */,
			);
		};
/* End PBXProject section */

/* Begin PBXResourcesBuildPhase section */
		3A0D7564218BCD7400960BC8 /* Resources */ = {
			isa = PBXResourcesBuildPhase;
			buildActionMask = 2147483647;
			files = (
				2B57905A219A05C400C6D4BF /* Visa Credit.png in Resources */,
				2BD802EC21938018003445ED /* BMW.png in Resources */,
				2BD803102194B8C3003445ED /* GoogleService-Info.plist in Resources */,
				3A0D7574218BCD7600960BC8 /* LaunchScreen.storyboard in Resources */,
				2B5790502199FB4100C6D4BF /* TickeTableViewCell.xib in Resources */,
				2B57909E219A554C00C6D4BF /* instruction.html in Resources */,
				2BEC431C219CFA06000D2BC9 /* CarTableViewCell.xib in Resources */,
				2B579058219A05C400C6D4BF /* Visa Debit.png in Resources */,
				2B57905C219A05C400C6D4BF /* Ali Pay.png in Resources */,
				2B57905E219A20B600C6D4BF /* Mastercard.png in Resources */,
				2BD802EB21938018003445ED /* Mazda.png in Resources */,
				2B579059219A05C400C6D4BF /* PayPal.png in Resources */,
				2B0A5BC8219C95FF00905411 /* login screen logo.png in Resources */,
				2BA6D6712191137800B9B4C2 /* splash_logo.png in Resources */,
				2BD802EA21938018003445ED /* Renault.png in Resources */,
				2B57905B219A05C400C6D4BF /* WeChat Pay.png in Resources */,
				3A0D7571218BCD7600960BC8 /* Assets.xcassets in Resources */,
				3A0D756F218BCD7400960BC8 /* Main.storyboard in Resources */,
			);
			runOnlyForDeploymentPostprocessing = 0;
		};
		3A0D7578218BCD7600960BC8 /* Resources */ = {
			isa = PBXResourcesBuildPhase;
			buildActionMask = 2147483647;
			files = (
			);
			runOnlyForDeploymentPostprocessing = 0;
		};
		3A0D7583218BCD7600960BC8 /* Resources */ = {
			isa = PBXResourcesBuildPhase;
			buildActionMask = 2147483647;
			files = (
			);
			runOnlyForDeploymentPostprocessing = 0;
		};
/* End PBXResourcesBuildPhase section */

/* Begin PBXShellScriptBuildPhase section */
		CBC7292DE6A61E1B0F80ECD4 /* [CP] Embed Pods Frameworks */ = {
			isa = PBXShellScriptBuildPhase;
			buildActionMask = 2147483647;
			files = (
			);
			inputFileListPaths = (
			);
			inputPaths = (
				"${SRCROOT}/Pods/Target Support Files/Pods-Parking Space Booking System/Pods-Parking Space Booking System-frameworks.sh",
				"${BUILT_PRODUCTS_DIR}/GTMSessionFetcher/GTMSessionFetcher.framework",
				"${BUILT_PRODUCTS_DIR}/GoogleUtilities/GoogleUtilities.framework",
				"${BUILT_PRODUCTS_DIR}/SkyFloatingLabelTextField/SkyFloatingLabelTextField.framework",
				"${BUILT_PRODUCTS_DIR}/leveldb-library/leveldb.framework",
				"${BUILT_PRODUCTS_DIR}/nanopb/nanopb.framework",
			);
			name = "[CP] Embed Pods Frameworks";
			outputFileListPaths = (
			);
			outputPaths = (
				"${TARGET_BUILD_DIR}/${FRAMEWORKS_FOLDER_PATH}/GTMSessionFetcher.framework",
				"${TARGET_BUILD_DIR}/${FRAMEWORKS_FOLDER_PATH}/GoogleUtilities.framework",
				"${TARGET_BUILD_DIR}/${FRAMEWORKS_FOLDER_PATH}/SkyFloatingLabelTextField.framework",
				"${TARGET_BUILD_DIR}/${FRAMEWORKS_FOLDER_PATH}/leveldb.framework",
				"${TARGET_BUILD_DIR}/${FRAMEWORKS_FOLDER_PATH}/nanopb.framework",
			);
			runOnlyForDeploymentPostprocessing = 0;
			shellPath = /bin/sh;
			shellScript = "\"${SRCROOT}/Pods/Target Support Files/Pods-Parking Space Booking System/Pods-Parking Space Booking System-frameworks.sh\"\n";
			showEnvVarsInLog = 0;
		};
		E477CDAE4F072CA52D9945E7 /* [CP] Check Pods Manifest.lock */ = {
			isa = PBXShellScriptBuildPhase;
			buildActionMask = 2147483647;
			files = (
			);
			inputFileListPaths = (
			);
			inputPaths = (
				"${PODS_PODFILE_DIR_PATH}/Podfile.lock",
				"${PODS_ROOT}/Manifest.lock",
			);
			name = "[CP] Check Pods Manifest.lock";
			outputFileListPaths = (
			);
			outputPaths = (
				"$(DERIVED_FILE_DIR)/Pods-Parking Space Booking System-checkManifestLockResult.txt",
			);
			runOnlyForDeploymentPostprocessing = 0;
			shellPath = /bin/sh;
			shellScript = "diff \"${PODS_PODFILE_DIR_PATH}/Podfile.lock\" \"${PODS_ROOT}/Manifest.lock\" > /dev/null\nif [ $? != 0 ] ; then\n    # print error to STDERR\n    echo \"error: The sandbox is not in sync with the Podfile.lock. Run 'pod install' or update your CocoaPods installation.\" >&2\n    exit 1\nfi\n# This output is used by Xcode 'outputs' to avoid re-running this script phase.\necho \"SUCCESS\" > \"${SCRIPT_OUTPUT_FILE_0}\"\n";
			showEnvVarsInLog = 0;
		};
/* End PBXShellScriptBuildPhase section */

/* Begin PBXSourcesBuildPhase section */
		3A0D7562218BCD7400960BC8 /* Sources */ = {
			isa = PBXSourcesBuildPhase;
			buildActionMask = 2147483647;
			files = (
				2BA6D685219157CC00B9B4C2 /* SignUpViewController.swift in Sources */,
				3A0D756C218BCD7400960BC8 /* LoginViewController.swift in Sources */,
				2B5790C2219BE99500C6D4BF /* CarsListTableViewController.swift in Sources */,
				2BA6D67E219148CF00B9B4C2 /* Manufacturer.swift in Sources */,
				3A0D756A218BCD7400960BC8 /* AppDelegate.swift in Sources */,
				2B57904F2199FB4100C6D4BF /* TickeTableViewCell.swift in Sources */,
				2B5790A2219A5E4300C6D4BF /* AddCarViewController.swift in Sources */,
				2B8401642198A8E400542305 /* LocationViewController.swift in Sources */,
				2BA6D6732191168D00B9B4C2 /* MainMenuTableViewController.swift in Sources */,
				2BA6D6782191460F00B9B4C2 /* User.swift in Sources */,
				2B8401662198C68F00542305 /* AddTicketViewController.swift in Sources */,
				2BD803122194FE4F003445ED /* UpdateProfileViewController.swift in Sources */,
				2BA6D67C2191483100B9B4C2 /* Car.swift in Sources */,
				2B5790A0219A556E00C6D4BF /* InstructionViewController.swift in Sources */,
				2BEC431B219CFA06000D2BC9 /* CarTableViewCell.swift in Sources */,
				2BA6D66E219111CD00B9B4C2 /* SplashViewController.swift in Sources */,
				2B57904B2199F34300C6D4BF /* ReportTableViewController.swift in Sources */,
				2B5790492199BDB300C6D4BF /* HomeViewController.swift in Sources */,
				2B8401682198CB5000542305 /* ParkingTicket.swift in Sources */,
				2B0A5BC5219C93D900905411 /* AnimatedSwitch.swift in Sources */,
			);
			runOnlyForDeploymentPostprocessing = 0;
		};
		3A0D7576218BCD7600960BC8 /* Sources */ = {
			isa = PBXSourcesBuildPhase;
			buildActionMask = 2147483647;
			files = (
				3A0D757F218BCD7600960BC8 /* Parking_Space_Booking_SystemTests.swift in Sources */,
			);
			runOnlyForDeploymentPostprocessing = 0;
		};
		3A0D7581218BCD7600960BC8 /* Sources */ = {
			isa = PBXSourcesBuildPhase;
			buildActionMask = 2147483647;
			files = (
				3A0D758A218BCD7600960BC8 /* Parking_Space_Booking_SystemUITests.swift in Sources */,
			);
			runOnlyForDeploymentPostprocessing = 0;
		};
/* End PBXSourcesBuildPhase section */

/* Begin PBXTargetDependency section */
		3A0D757C218BCD7600960BC8 /* PBXTargetDependency */ = {
			isa = PBXTargetDependency;
			target = 3A0D7565218BCD7400960BC8 /* Parking Space Booking System */;
			targetProxy = 3A0D757B218BCD7600960BC8 /* PBXContainerItemProxy */;
		};
		3A0D7587218BCD7600960BC8 /* PBXTargetDependency */ = {
			isa = PBXTargetDependency;
			target = 3A0D7565218BCD7400960BC8 /* Parking Space Booking System */;
			targetProxy = 3A0D7586218BCD7600960BC8 /* PBXContainerItemProxy */;
		};
/* End PBXTargetDependency section */

/* Begin PBXVariantGroup section */
		3A0D756D218BCD7400960BC8 /* Main.storyboard */ = {
			isa = PBXVariantGroup;
			children = (
				3A0D756E218BCD7400960BC8 /* Base */,
			);
			name = Main.storyboard;
			sourceTree = "<group>";
		};
		3A0D7572218BCD7600960BC8 /* LaunchScreen.storyboard */ = {
			isa = PBXVariantGroup;
			children = (
				3A0D7573218BCD7600960BC8 /* Base */,
			);
			name = LaunchScreen.storyboard;
			sourceTree = "<group>";
		};
/* End PBXVariantGroup section */

/* Begin XCBuildConfiguration section */
		3A0D758C218BCD7600960BC8 /* Debug */ = {
			isa = XCBuildConfiguration;
			buildSettings = {
				ALWAYS_SEARCH_USER_PATHS = NO;
				CLANG_ANALYZER_NONNULL = YES;
				CLANG_ANALYZER_NUMBER_OBJECT_CONVERSION = YES_AGGRESSIVE;
				CLANG_CXX_LANGUAGE_STANDARD = "gnu++14";
				CLANG_CXX_LIBRARY = "libc++";
				CLANG_ENABLE_MODULES = YES;
				CLANG_ENABLE_OBJC_ARC = YES;
				CLANG_ENABLE_OBJC_WEAK = YES;
				CLANG_WARN_BLOCK_CAPTURE_AUTORELEASING = YES;
				CLANG_WARN_BOOL_CONVERSION = YES;
				CLANG_WARN_COMMA = YES;
				CLANG_WARN_CONSTANT_CONVERSION = YES;
				CLANG_WARN_DEPRECATED_OBJC_IMPLEMENTATIONS = YES;
				CLANG_WARN_DIRECT_OBJC_ISA_USAGE = YES_ERROR;
				CLANG_WARN_DOCUMENTATION_COMMENTS = YES;
				CLANG_WARN_EMPTY_BODY = YES;
				CLANG_WARN_ENUM_CONVERSION = YES;
				CLANG_WARN_INFINITE_RECURSION = YES;
				CLANG_WARN_INT_CONVERSION = YES;
				CLANG_WARN_NON_LITERAL_NULL_CONVERSION = YES;
				CLANG_WARN_OBJC_IMPLICIT_RETAIN_SELF = YES;
				CLANG_WARN_OBJC_LITERAL_CONVERSION = YES;
				CLANG_WARN_OBJC_ROOT_CLASS = YES_ERROR;
				CLANG_WARN_RANGE_LOOP_ANALYSIS = YES;
				CLANG_WARN_STRICT_PROTOTYPES = YES;
				CLANG_WARN_SUSPICIOUS_MOVE = YES;
				CLANG_WARN_UNGUARDED_AVAILABILITY = YES_AGGRESSIVE;
				CLANG_WARN_UNREACHABLE_CODE = YES;
				CLANG_WARN__DUPLICATE_METHOD_MATCH = YES;
				CODE_SIGN_IDENTITY = "iPhone Developer";
				COPY_PHASE_STRIP = NO;
				DEBUG_INFORMATION_FORMAT = dwarf;
				ENABLE_STRICT_OBJC_MSGSEND = YES;
				ENABLE_TESTABILITY = YES;
				GCC_C_LANGUAGE_STANDARD = gnu11;
				GCC_DYNAMIC_NO_PIC = NO;
				GCC_NO_COMMON_BLOCKS = YES;
				GCC_OPTIMIZATION_LEVEL = 0;
				GCC_PREPROCESSOR_DEFINITIONS = (
					"DEBUG=1",
					"$(inherited)",
				);
				GCC_WARN_64_TO_32_BIT_CONVERSION = YES;
				GCC_WARN_ABOUT_RETURN_TYPE = YES_ERROR;
				GCC_WARN_UNDECLARED_SELECTOR = YES;
				GCC_WARN_UNINITIALIZED_AUTOS = YES_AGGRESSIVE;
				GCC_WARN_UNUSED_FUNCTION = YES;
				GCC_WARN_UNUSED_VARIABLE = YES;
				IPHONEOS_DEPLOYMENT_TARGET = 12.0;
				MTL_ENABLE_DEBUG_INFO = INCLUDE_SOURCE;
				MTL_FAST_MATH = YES;
				ONLY_ACTIVE_ARCH = YES;
				SDKROOT = iphoneos;
				SWIFT_ACTIVE_COMPILATION_CONDITIONS = DEBUG;
				SWIFT_OPTIMIZATION_LEVEL = "-Onone";
			};
			name = Debug;
		};
		3A0D758D218BCD7600960BC8 /* Release */ = {
			isa = XCBuildConfiguration;
			buildSettings = {
				ALWAYS_SEARCH_USER_PATHS = NO;
				CLANG_ANALYZER_NONNULL = YES;
				CLANG_ANALYZER_NUMBER_OBJECT_CONVERSION = YES_AGGRESSIVE;
				CLANG_CXX_LANGUAGE_STANDARD = "gnu++14";
				CLANG_CXX_LIBRARY = "libc++";
				CLANG_ENABLE_MODULES = YES;
				CLANG_ENABLE_OBJC_ARC = YES;
				CLANG_ENABLE_OBJC_WEAK = YES;
				CLANG_WARN_BLOCK_CAPTURE_AUTORELEASING = YES;
				CLANG_WARN_BOOL_CONVERSION = YES;
				CLANG_WARN_COMMA = YES;
				CLANG_WARN_CONSTANT_CONVERSION = YES;
				CLANG_WARN_DEPRECATED_OBJC_IMPLEMENTATIONS = YES;
				CLANG_WARN_DIRECT_OBJC_ISA_USAGE = YES_ERROR;
				CLANG_WARN_DOCUMENTATION_COMMENTS = YES;
				CLANG_WARN_EMPTY_BODY = YES;
				CLANG_WARN_ENUM_CONVERSION = YES;
				CLANG_WARN_INFINITE_RECURSION = YES;
				CLANG_WARN_INT_CONVERSION = YES;
				CLANG_WARN_NON_LITERAL_NULL_CONVERSION = YES;
				CLANG_WARN_OBJC_IMPLICIT_RETAIN_SELF = YES;
				CLANG_WARN_OBJC_LITERAL_CONVERSION = YES;
				CLANG_WARN_OBJC_ROOT_CLASS = YES_ERROR;
				CLANG_WARN_RANGE_LOOP_ANALYSIS = YES;
				CLANG_WARN_STRICT_PROTOTYPES = YES;
				CLANG_WARN_SUSPICIOUS_MOVE = YES;
				CLANG_WARN_UNGUARDED_AVAILABILITY = YES_AGGRESSIVE;
				CLANG_WARN_UNREACHABLE_CODE = YES;
				CLANG_WARN__DUPLICATE_METHOD_MATCH = YES;
				CODE_SIGN_IDENTITY = "iPhone Developer";
				COPY_PHASE_STRIP = NO;
				DEBUG_INFORMATION_FORMAT = "dwarf-with-dsym";
				ENABLE_NS_ASSERTIONS = NO;
				ENABLE_STRICT_OBJC_MSGSEND = YES;
				GCC_C_LANGUAGE_STANDARD = gnu11;
				GCC_NO_COMMON_BLOCKS = YES;
				GCC_WARN_64_TO_32_BIT_CONVERSION = YES;
				GCC_WARN_ABOUT_RETURN_TYPE = YES_ERROR;
				GCC_WARN_UNDECLARED_SELECTOR = YES;
				GCC_WARN_UNINITIALIZED_AUTOS = YES_AGGRESSIVE;
				GCC_WARN_UNUSED_FUNCTION = YES;
				GCC_WARN_UNUSED_VARIABLE = YES;
				IPHONEOS_DEPLOYMENT_TARGET = 12.0;
				MTL_ENABLE_DEBUG_INFO = NO;
				MTL_FAST_MATH = YES;
				SDKROOT = iphoneos;
				SWIFT_COMPILATION_MODE = wholemodule;
				SWIFT_OPTIMIZATION_LEVEL = "-O";
				VALIDATE_PRODUCT = YES;
			};
			name = Release;
		};
		3A0D758F218BCD7600960BC8 /* Debug */ = {
			isa = XCBuildConfiguration;
			baseConfigurationReference = B7BACB72882E9097EDA80C43 /* Pods-Parking Space Booking System.debug.xcconfig */;
			buildSettings = {
				ASSETCATALOG_COMPILER_APPICON_NAME = AppIcon;
				CODE_SIGN_STYLE = Automatic;
				DEVELOPMENT_TEAM = WXMC8MD6TM;
				INFOPLIST_FILE = "Parking Space Booking System/Info.plist";
				LD_RUNPATH_SEARCH_PATHS = (
					"$(inherited)",
					"@executable_path/Frameworks",
				);
				PRODUCT_BUNDLE_IDENTIFIER = "com.lambton.Parking-Space-Booking-System-Group4";
				PRODUCT_NAME = "$(TARGET_NAME)";
				SWIFT_VERSION = 4.2;
				TARGETED_DEVICE_FAMILY = "1,2";
			};
			name = Debug;
		};
		3A0D7590218BCD7600960BC8 /* Release */ = {
			isa = XCBuildConfiguration;
			baseConfigurationReference = 299962C2E404749E0A4451A7 /* Pods-Parking Space Booking System.release.xcconfig */;
			buildSettings = {
				ASSETCATALOG_COMPILER_APPICON_NAME = AppIcon;
				CODE_SIGN_STYLE = Automatic;
				DEVELOPMENT_TEAM = WXMC8MD6TM;
				INFOPLIST_FILE = "Parking Space Booking System/Info.plist";
				LD_RUNPATH_SEARCH_PATHS = (
					"$(inherited)",
					"@executable_path/Frameworks",
				);
				PRODUCT_BUNDLE_IDENTIFIER = "com.lambton.Parking-Space-Booking-System-Group4";
				PRODUCT_NAME = "$(TARGET_NAME)";
				SWIFT_VERSION = 4.2;
				TARGETED_DEVICE_FAMILY = "1,2";
			};
			name = Release;
		};
		3A0D7592218BCD7600960BC8 /* Debug */ = {
			isa = XCBuildConfiguration;
			buildSettings = {
				ALWAYS_EMBED_SWIFT_STANDARD_LIBRARIES = YES;
				BUNDLE_LOADER = "$(TEST_HOST)";
				CODE_SIGN_STYLE = Automatic;
				DEVELOPMENT_TEAM = ELH779A3X8;
				INFOPLIST_FILE = "Parking Space Booking SystemTests/Info.plist";
				LD_RUNPATH_SEARCH_PATHS = (
					"$(inherited)",
					"@executable_path/Frameworks",
					"@loader_path/Frameworks",
				);
				PRODUCT_BUNDLE_IDENTIFIER = "com.lambton.Parking-Space-Booking-SystemTests";
				PRODUCT_NAME = "$(TARGET_NAME)";
				SWIFT_VERSION = 4.2;
				TARGETED_DEVICE_FAMILY = "1,2";
				TEST_HOST = "$(BUILT_PRODUCTS_DIR)/Parking Space Booking System.app/Parking Space Booking System";
			};
			name = Debug;
		};
		3A0D7593218BCD7600960BC8 /* Release */ = {
			isa = XCBuildConfiguration;
			buildSettings = {
				ALWAYS_EMBED_SWIFT_STANDARD_LIBRARIES = YES;
				BUNDLE_LOADER = "$(TEST_HOST)";
				CODE_SIGN_STYLE = Automatic;
				DEVELOPMENT_TEAM = ELH779A3X8;
				INFOPLIST_FILE = "Parking Space Booking SystemTests/Info.plist";
				LD_RUNPATH_SEARCH_PATHS = (
					"$(inherited)",
					"@executable_path/Frameworks",
					"@loader_path/Frameworks",
				);
				PRODUCT_BUNDLE_IDENTIFIER = "com.lambton.Parking-Space-Booking-SystemTests";
				PRODUCT_NAME = "$(TARGET_NAME)";
				SWIFT_VERSION = 4.2;
				TARGETED_DEVICE_FAMILY = "1,2";
				TEST_HOST = "$(BUILT_PRODUCTS_DIR)/Parking Space Booking System.app/Parking Space Booking System";
			};
			name = Release;
		};
		3A0D7595218BCD7600960BC8 /* Debug */ = {
			isa = XCBuildConfiguration;
			buildSettings = {
				ALWAYS_EMBED_SWIFT_STANDARD_LIBRARIES = YES;
				CODE_SIGN_STYLE = Automatic;
				DEVELOPMENT_TEAM = ELH779A3X8;
				INFOPLIST_FILE = "Parking Space Booking SystemUITests/Info.plist";
				LD_RUNPATH_SEARCH_PATHS = (
					"$(inherited)",
					"@executable_path/Frameworks",
					"@loader_path/Frameworks",
				);
				PRODUCT_BUNDLE_IDENTIFIER = "com.lambton.Parking-Space-Booking-SystemUITests";
				PRODUCT_NAME = "$(TARGET_NAME)";
				SWIFT_VERSION = 4.2;
				TARGETED_DEVICE_FAMILY = "1,2";
				TEST_TARGET_NAME = "Parking Space Booking System";
			};
			name = Debug;
		};
		3A0D7596218BCD7600960BC8 /* Release */ = {
			isa = XCBuildConfiguration;
			buildSettings = {
				ALWAYS_EMBED_SWIFT_STANDARD_LIBRARIES = YES;
				CODE_SIGN_STYLE = Automatic;
				DEVELOPMENT_TEAM = ELH779A3X8;
				INFOPLIST_FILE = "Parking Space Booking SystemUITests/Info.plist";
				LD_RUNPATH_SEARCH_PATHS = (
					"$(inherited)",
					"@executable_path/Frameworks",
					"@loader_path/Frameworks",
				);
				PRODUCT_BUNDLE_IDENTIFIER = "com.lambton.Parking-Space-Booking-SystemUITests";
				PRODUCT_NAME = "$(TARGET_NAME)";
				SWIFT_VERSION = 4.2;
				TARGETED_DEVICE_FAMILY = "1,2";
				TEST_TARGET_NAME = "Parking Space Booking System";
			};
			name = Release;
		};
/* End XCBuildConfiguration section */

/* Begin XCConfigurationList section */
		3A0D7561218BCD7400960BC8 /* Build configuration list for PBXProject "Parking Space Booking System" */ = {
			isa = XCConfigurationList;
			buildConfigurations = (
				3A0D758C218BCD7600960BC8 /* Debug */,
				3A0D758D218BCD7600960BC8 /* Release */,
			);
			defaultConfigurationIsVisible = 0;
			defaultConfigurationName = Release;
		};
		3A0D758E218BCD7600960BC8 /* Build configuration list for PBXNativeTarget "Parking Space Booking System" */ = {
			isa = XCConfigurationList;
			buildConfigurations = (
				3A0D758F218BCD7600960BC8 /* Debug */,
				3A0D7590218BCD7600960BC8 /* Release */,
			);
			defaultConfigurationIsVisible = 0;
			defaultConfigurationName = Release;
		};
		3A0D7591218BCD7600960BC8 /* Build configuration list for PBXNativeTarget "Parking Space Booking SystemTests" */ = {
			isa = XCConfigurationList;
			buildConfigurations = (
				3A0D7592218BCD7600960BC8 /* Debug */,
				3A0D7593218BCD7600960BC8 /* Release */,
			);
			defaultConfigurationIsVisible = 0;
			defaultConfigurationName = Release;
		};
		3A0D7594218BCD7600960BC8 /* Build configuration list for PBXNativeTarget "Parking Space Booking SystemUITests" */ = {
			isa = XCConfigurationList;
			buildConfigurations = (
				3A0D7595218BCD7600960BC8 /* Debug */,
				3A0D7596218BCD7600960BC8 /* Release */,
			);
			defaultConfigurationIsVisible = 0;
			defaultConfigurationName = Release;
		};
/* End XCConfigurationList section */
	};
	rootObject = 3A0D755E218BCD7400960BC8 /* Project object */;
}
